# This file is generated by running "yarn install" inside your project.
# Manual changes might be lost - proceed with caution!

__metadata:
  version: 8
  cacheKey: 10c0

"@gewis/release-config@npm:^2.4.0":
  version: 2.4.0
  resolution: "@gewis/release-config@npm:2.4.0"
  checksum: 10c0/1cd577490c957454efc7bed0fb43fe4201022d2b8ca6676f1582b2314599c63d85bde82d47035e66b89b9b55c6088c77e5cf48df86041fd3cec7d62e0a7a85ff
  languageName: node
  linkType: hard

"parelpracht@workspace:.":
  version: 0.0.0-use.local
  resolution: "parelpracht@workspace:."
  dependencies:
    "@gewis/release-config": "npm:^2.4.0"
  languageName: unknown
  linkType: soft
